%{
  "elixir_make": {:hex, :elixir_make, "0.6.3", "bc07d53221216838d79e03a8019d0839786703129599e9619f4ab74c8c096eac", [:mix], [], "hexpm", "f5cbd651c5678bcaabdbb7857658ee106b12509cd976c2c2fca99688e1daf716"},
  "erlexec": {:hex, :erlexec, "1.21.0", "748af41a9b77fde69bb82d5ec37e37384d4f849f971687de49d57e8cb59422ea", [:rebar3], [], "hexpm", "826616a344d1bc0a35c9d2c7175478166f607a4e3b14c878229fd405694d65c0"},
}
